// !$*UTF8*$!
{
	archiveVersion = 1;
	classes = {
	};
	objectVersion = 51;
	objects = {

/* Begin PBXBuildFile section */
		62134AB925147DF80009A526 /* AppDelegate.swift in Sources */ = {isa = PBXBuildFile; fileRef = 62134AB825147DF80009A526 /* AppDelegate.swift */; };
		62134ABD25147DF80009A526 /* LoginVC.swift in Sources */ = {isa = PBXBuildFile; fileRef = 62134ABC25147DF80009A526 /* LoginVC.swift */; };
		62134AC025147DF80009A526 /* Main.storyboard in Resources */ = {isa = PBXBuildFile; fileRef = 62134ABE25147DF80009A526 /* Main.storyboard */; };
		62134AC225147DFE0009A526 /* Assets.xcassets in Resources */ = {isa = PBXBuildFile; fileRef = 62134AC125147DFE0009A526 /* Assets.xcassets */; };
		62134AC525147DFE0009A526 /* LaunchScreen.storyboard in Resources */ = {isa = PBXBuildFile; fileRef = 62134AC325147DFE0009A526 /* LaunchScreen.storyboard */; };
		62134AD025147DFF0009A526 /* MYWIMTests.swift in Sources */ = {isa = PBXBuildFile; fileRef = 62134ACF25147DFF0009A526 /* MYWIMTests.swift */; };
		62134ADB25147DFF0009A526 /* MYWIMUITests.swift in Sources */ = {isa = PBXBuildFile; fileRef = 62134ADA25147DFF0009A526 /* MYWIMUITests.swift */; };
		621610AE251BB76700EF585D /* ResetPasswordVC.swift in Sources */ = {isa = PBXBuildFile; fileRef = 621610AD251BB76700EF585D /* ResetPasswordVC.swift */; };
		621610B0251BB77F00EF585D /* DashboardVC.swift in Sources */ = {isa = PBXBuildFile; fileRef = 621610AF251BB77F00EF585D /* DashboardVC.swift */; };
		621610B2251BB79D00EF585D /* ProjectDetailVC.swift in Sources */ = {isa = PBXBuildFile; fileRef = 621610B1251BB79D00EF585D /* ProjectDetailVC.swift */; };
		621610B4251BBAA400EF585D /* Extensions.swift in Sources */ = {isa = PBXBuildFile; fileRef = 621610B3251BBAA400EF585D /* Extensions.swift */; };
		621610BA251C9DFF00EF585D /* UserResponseData.swift in Sources */ = {isa = PBXBuildFile; fileRef = 621610B9251C9DFF00EF585D /* UserResponseData.swift */; };
		621610BC251CA0AC00EF585D /* Constants.swift in Sources */ = {isa = PBXBuildFile; fileRef = 621610BB251CA0AC00EF585D /* Constants.swift */; };
		621610BE251CA12F00EF585D /* APIManager.swift in Sources */ = {isa = PBXBuildFile; fileRef = 621610BD251CA12F00EF585D /* APIManager.swift */; };
		624AFBF32514C6920096E9B0 /* Poppins-ExtraLight.ttf in Resources */ = {isa = PBXBuildFile; fileRef = 624AFBE02514C6910096E9B0 /* Poppins-ExtraLight.ttf */; };
		624AFBF42514C6920096E9B0 /* Poppins-ThinItalic.ttf in Resources */ = {isa = PBXBuildFile; fileRef = 624AFBE12514C6910096E9B0 /* Poppins-ThinItalic.ttf */; };
		624AFBF52514C6920096E9B0 /* Poppins-ExtraLightItalic.ttf in Resources */ = {isa = PBXBuildFile; fileRef = 624AFBE22514C6910096E9B0 /* Poppins-ExtraLightItalic.ttf */; };
		624AFBF62514C6920096E9B0 /* Poppins-BoldItalic.ttf in Resources */ = {isa = PBXBuildFile; fileRef = 624AFBE32514C6910096E9B0 /* Poppins-BoldItalic.ttf */; };
		624AFBF72514C6920096E9B0 /* Poppins-Light.ttf in Resources */ = {isa = PBXBuildFile; fileRef = 624AFBE42514C6910096E9B0 /* Poppins-Light.ttf */; };
		624AFBF82514C6920096E9B0 /* Poppins-Medium.ttf in Resources */ = {isa = PBXBuildFile; fileRef = 624AFBE52514C6910096E9B0 /* Poppins-Medium.ttf */; };
		624AFBF92514C6920096E9B0 /* Poppins-SemiBoldItalic.ttf in Resources */ = {isa = PBXBuildFile; fileRef = 624AFBE62514C6910096E9B0 /* Poppins-SemiBoldItalic.ttf */; };
		624AFBFA2514C6920096E9B0 /* Poppins-ExtraBoldItalic.ttf in Resources */ = {isa = PBXBuildFile; fileRef = 624AFBE72514C6910096E9B0 /* Poppins-ExtraBoldItalic.ttf */; };
		624AFBFB2514C6920096E9B0 /* Poppins-ExtraBold.ttf in Resources */ = {isa = PBXBuildFile; fileRef = 624AFBE82514C6910096E9B0 /* Poppins-ExtraBold.ttf */; };
		624AFBFC2514C6920096E9B0 /* Poppins-BlackItalic.ttf in Resources */ = {isa = PBXBuildFile; fileRef = 624AFBE92514C6910096E9B0 /* Poppins-BlackItalic.ttf */; };
		624AFBFD2514C6920096E9B0 /* OFL.txt in Resources */ = {isa = PBXBuildFile; fileRef = 624AFBEA2514C6910096E9B0 /* OFL.txt */; };
		624AFBFE2514C6920096E9B0 /* Poppins-Regular.ttf in Resources */ = {isa = PBXBuildFile; fileRef = 624AFBEB2514C6910096E9B0 /* Poppins-Regular.ttf */; };
		624AFBFF2514C6920096E9B0 /* Poppins-LightItalic.ttf in Resources */ = {isa = PBXBuildFile; fileRef = 624AFBEC2514C6910096E9B0 /* Poppins-LightItalic.ttf */; };
		624AFC002514C6920096E9B0 /* Poppins-Bold.ttf in Resources */ = {isa = PBXBuildFile; fileRef = 624AFBED2514C6910096E9B0 /* Poppins-Bold.ttf */; };
		624AFC012514C6920096E9B0 /* Poppins-Black.ttf in Resources */ = {isa = PBXBuildFile; fileRef = 624AFBEE2514C6910096E9B0 /* Poppins-Black.ttf */; };
		624AFC022514C6920096E9B0 /* Poppins-Thin.ttf in Resources */ = {isa = PBXBuildFile; fileRef = 624AFBEF2514C6910096E9B0 /* Poppins-Thin.ttf */; };
		624AFC032514C6920096E9B0 /* Poppins-SemiBold.ttf in Resources */ = {isa = PBXBuildFile; fileRef = 624AFBF02514C6920096E9B0 /* Poppins-SemiBold.ttf */; };
		624AFC042514C6920096E9B0 /* Poppins-Italic.ttf in Resources */ = {isa = PBXBuildFile; fileRef = 624AFBF12514C6920096E9B0 /* Poppins-Italic.ttf */; };
		624AFC052514C6920096E9B0 /* Poppins-MediumItalic.ttf in Resources */ = {isa = PBXBuildFile; fileRef = 624AFBF22514C6920096E9B0 /* Poppins-MediumItalic.ttf */; };
		62662F302568F70600D50020 /* GoogleService-Info.plist in Resources */ = {isa = PBXBuildFile; fileRef = 62662F2F2568F70600D50020 /* GoogleService-Info.plist */; };
		62CCEB5F252271E3003C33BE /* IndicatorView.swift in Sources */ = {isa = PBXBuildFile; fileRef = 62CCEB56252271E3003C33BE /* IndicatorView.swift */; };
		62CCEB60252271E3003C33BE /* loading.json in Resources */ = {isa = PBXBuildFile; fileRef = 62CCEB57252271E3003C33BE /* loading.json */; };
		62CCEB61252271E3003C33BE /* no-user.json in Resources */ = {isa = PBXBuildFile; fileRef = 62CCEB58252271E3003C33BE /* no-user.json */; };
		62CCEB62252271E3003C33BE /* no-location.json in Resources */ = {isa = PBXBuildFile; fileRef = 62CCEB59252271E3003C33BE /* no-location.json */; };
		62CCEB63252271E3003C33BE /* noDataAnimation.json in Resources */ = {isa = PBXBuildFile; fileRef = 62CCEB5A252271E3003C33BE /* noDataAnimation.json */; };
		62CCEB64252271E3003C33BE /* jobSearch.json in Resources */ = {isa = PBXBuildFile; fileRef = 62CCEB5B252271E3003C33BE /* jobSearch.json */; };
		62CCEB65252271E3003C33BE /* scissor-loader.json in Resources */ = {isa = PBXBuildFile; fileRef = 62CCEB5C252271E3003C33BE /* scissor-loader.json */; };
		62CCEB66252271E3003C33BE /* GradientView.swift in Sources */ = {isa = PBXBuildFile; fileRef = 62CCEB5D252271E3003C33BE /* GradientView.swift */; };
		62CCEB67252271E3003C33BE /* no-appointment.json in Resources */ = {isa = PBXBuildFile; fileRef = 62CCEB5E252271E3003C33BE /* no-appointment.json */; };
		62CCEB692522780C003C33BE /* Toast.swift in Sources */ = {isa = PBXBuildFile; fileRef = 62CCEB682522780C003C33BE /* Toast.swift */; };
		62CCEB6B25233934003C33BE /* InspectionData.swift in Sources */ = {isa = PBXBuildFile; fileRef = 62CCEB6A25233934003C33BE /* InspectionData.swift */; };
		62CCEB6D25233DD5003C33BE /* ActionData.swift in Sources */ = {isa = PBXBuildFile; fileRef = 62CCEB6C25233DD5003C33BE /* ActionData.swift */; };
		62CCEB6F25233E5D003C33BE /* NotificationData.swift in Sources */ = {isa = PBXBuildFile; fileRef = 62CCEB6E25233E5D003C33BE /* NotificationData.swift */; };
		62CCEB7125234283003C33BE /* InspectionCell.swift in Sources */ = {isa = PBXBuildFile; fileRef = 62CCEB7025234283003C33BE /* InspectionCell.swift */; };
		62CCEB73252342B6003C33BE /* NotificationCell.swift in Sources */ = {isa = PBXBuildFile; fileRef = 62CCEB72252342B6003C33BE /* NotificationCell.swift */; };
		62CCEB7725234FCA003C33BE /* CheckCell.swift in Sources */ = {isa = PBXBuildFile; fileRef = 62CCEB7625234FCA003C33BE /* CheckCell.swift */; };
		62CCEB792523533E003C33BE /* QuestionData.swift in Sources */ = {isa = PBXBuildFile; fileRef = 62CCEB782523533E003C33BE /* QuestionData.swift */; };
		62CCEB7B2523B0D6003C33BE /* ImagePicker.swift in Sources */ = {isa = PBXBuildFile; fileRef = 62CCEB7A2523B0D6003C33BE /* ImagePicker.swift */; };
		62CCEB7D2523B674003C33BE /* GSImageViewerController.swift in Sources */ = {isa = PBXBuildFile; fileRef = 62CCEB7C2523B674003C33BE /* GSImageViewerController.swift */; };
		62CCEB7F2523CDC5003C33BE /* ActionDetailVC.swift in Sources */ = {isa = PBXBuildFile; fileRef = 62CCEB7E2523CDC5003C33BE /* ActionDetailVC.swift */; };
		62E3320D251CA4F20041FD22 /* Reachability.swift in Sources */ = {isa = PBXBuildFile; fileRef = 62E3320C251CA4F20041FD22 /* Reachability.swift */; };
		62E3320F251CA52B0041FD22 /* Podfile in Resources */ = {isa = PBXBuildFile; fileRef = 62E3320E251CA52B0041FD22 /* Podfile */; };
		950A39F58152CAA516E23FFD /* Pods_MYWIM.framework in Frameworks */ = {isa = PBXBuildFile; fileRef = 89F7CF62F7D92D50329E7971 /* Pods_MYWIM.framework */; };
/* End PBXBuildFile section */

/* Begin PBXContainerItemProxy section */
		62134ACC25147DFF0009A526 /* PBXContainerItemProxy */ = {
			isa = PBXContainerItemProxy;
			containerPortal = 62134AAD25147DF80009A526 /* Project object */;
			proxyType = 1;
			remoteGlobalIDString = 62134AB425147DF80009A526;
			remoteInfo = MYWIM;
		};
		62134AD725147DFF0009A526 /* PBXContainerItemProxy */ = {
			isa = PBXContainerItemProxy;
			containerPortal = 62134AAD25147DF80009A526 /* Project object */;
			proxyType = 1;
			remoteGlobalIDString = 62134AB425147DF80009A526;
			remoteInfo = MYWIM;
		};
/* End PBXContainerItemProxy section */

/* Begin PBXFileReference section */
		62134AB525147DF80009A526 /* MYWIM.app */ = {isa = PBXFileReference; explicitFileType = wrapper.application; includeInIndex = 0; path = MYWIM.app; sourceTree = BUILT_PRODUCTS_DIR; };
		62134AB825147DF80009A526 /* AppDelegate.swift */ = {isa = PBXFileReference; lastKnownFileType = sourcecode.swift; path = AppDelegate.swift; sourceTree = "<group>"; };
		62134ABC25147DF80009A526 /* LoginVC.swift */ = {isa = PBXFileReference; lastKnownFileType = sourcecode.swift; path = LoginVC.swift; sourceTree = "<group>"; };
		62134ABF25147DF80009A526 /* Base */ = {isa = PBXFileReference; lastKnownFileType = file.storyboard; name = Base; path = Base.lproj/Main.storyboard; sourceTree = "<group>"; };
		62134AC125147DFE0009A526 /* Assets.xcassets */ = {isa = PBXFileReference; lastKnownFileType = folder.assetcatalog; path = Assets.xcassets; sourceTree = "<group>"; };
		62134AC425147DFE0009A526 /* Base */ = {isa = PBXFileReference; lastKnownFileType = file.storyboard; name = Base; path = Base.lproj/LaunchScreen.storyboard; sourceTree = "<group>"; };
		62134AC625147DFE0009A526 /* Info.plist */ = {isa = PBXFileReference; lastKnownFileType = text.plist.xml; path = Info.plist; sourceTree = "<group>"; };
		62134ACB25147DFF0009A526 /* MYWIMTests.xctest */ = {isa = PBXFileReference; explicitFileType = wrapper.cfbundle; includeInIndex = 0; path = MYWIMTests.xctest; sourceTree = BUILT_PRODUCTS_DIR; };
		62134ACF25147DFF0009A526 /* MYWIMTests.swift */ = {isa = PBXFileReference; lastKnownFileType = sourcecode.swift; path = MYWIMTests.swift; sourceTree = "<group>"; };
		62134AD125147DFF0009A526 /* Info.plist */ = {isa = PBXFileReference; lastKnownFileType = text.plist.xml; path = Info.plist; sourceTree = "<group>"; };
		62134AD625147DFF0009A526 /* MYWIMUITests.xctest */ = {isa = PBXFileReference; explicitFileType = wrapper.cfbundle; includeInIndex = 0; path = MYWIMUITests.xctest; sourceTree = BUILT_PRODUCTS_DIR; };
		62134ADA25147DFF0009A526 /* MYWIMUITests.swift */ = {isa = PBXFileReference; lastKnownFileType = sourcecode.swift; path = MYWIMUITests.swift; sourceTree = "<group>"; };
		62134ADC25147DFF0009A526 /* Info.plist */ = {isa = PBXFileReference; lastKnownFileType = text.plist.xml; path = Info.plist; sourceTree = "<group>"; };
		621610AD251BB76700EF585D /* ResetPasswordVC.swift */ = {isa = PBXFileReference; lastKnownFileType = sourcecode.swift; path = ResetPasswordVC.swift; sourceTree = "<group>"; };
		621610AF251BB77F00EF585D /* DashboardVC.swift */ = {isa = PBXFileReference; lastKnownFileType = sourcecode.swift; path = DashboardVC.swift; sourceTree = "<group>"; };
		621610B1251BB79D00EF585D /* ProjectDetailVC.swift */ = {isa = PBXFileReference; lastKnownFileType = sourcecode.swift; path = ProjectDetailVC.swift; sourceTree = "<group>"; };
		621610B3251BBAA400EF585D /* Extensions.swift */ = {isa = PBXFileReference; lastKnownFileType = sourcecode.swift; path = Extensions.swift; sourceTree = "<group>"; };
		621610B9251C9DFF00EF585D /* UserResponseData.swift */ = {isa = PBXFileReference; lastKnownFileType = sourcecode.swift; path = UserResponseData.swift; sourceTree = "<group>"; };
		621610BB251CA0AC00EF585D /* Constants.swift */ = {isa = PBXFileReference; lastKnownFileType = sourcecode.swift; path = Constants.swift; sourceTree = "<group>"; };
		621610BD251CA12F00EF585D /* APIManager.swift */ = {isa = PBXFileReference; fileEncoding = 4; lastKnownFileType = sourcecode.swift; path = APIManager.swift; sourceTree = "<group>"; };
		624AFBE02514C6910096E9B0 /* Poppins-ExtraLight.ttf */ = {isa = PBXFileReference; lastKnownFileType = file; path = "Poppins-ExtraLight.ttf"; sourceTree = "<group>"; };
		624AFBE12514C6910096E9B0 /* Poppins-ThinItalic.ttf */ = {isa = PBXFileReference; lastKnownFileType = file; path = "Poppins-ThinItalic.ttf"; sourceTree = "<group>"; };
		624AFBE22514C6910096E9B0 /* Poppins-ExtraLightItalic.ttf */ = {isa = PBXFileReference; lastKnownFileType = file; path = "Poppins-ExtraLightItalic.ttf"; sourceTree = "<group>"; };
		624AFBE32514C6910096E9B0 /* Poppins-BoldItalic.ttf */ = {isa = PBXFileReference; lastKnownFileType = file; path = "Poppins-BoldItalic.ttf"; sourceTree = "<group>"; };
		624AFBE42514C6910096E9B0 /* Poppins-Light.ttf */ = {isa = PBXFileReference; lastKnownFileType = file; path = "Poppins-Light.ttf"; sourceTree = "<group>"; };
		624AFBE52514C6910096E9B0 /* Poppins-Medium.ttf */ = {isa = PBXFileReference; lastKnownFileType = file; path = "Poppins-Medium.ttf"; sourceTree = "<group>"; };
		624AFBE62514C6910096E9B0 /* Poppins-SemiBoldItalic.ttf */ = {isa = PBXFileReference; lastKnownFileType = file; path = "Poppins-SemiBoldItalic.ttf"; sourceTree = "<group>"; };
		624AFBE72514C6910096E9B0 /* Poppins-ExtraBoldItalic.ttf */ = {isa = PBXFileReference; lastKnownFileType = file; path = "Poppins-ExtraBoldItalic.ttf"; sourceTree = "<group>"; };
		624AFBE82514C6910096E9B0 /* Poppins-ExtraBold.ttf */ = {isa = PBXFileReference; lastKnownFileType = file; path = "Poppins-ExtraBold.ttf"; sourceTree = "<group>"; };
		624AFBE92514C6910096E9B0 /* Poppins-BlackItalic.ttf */ = {isa = PBXFileReference; lastKnownFileType = file; path = "Poppins-BlackItalic.ttf"; sourceTree = "<group>"; };
		624AFBEA2514C6910096E9B0 /* OFL.txt */ = {isa = PBXFileReference; fileEncoding = 4; lastKnownFileType = text; path = OFL.txt; sourceTree = "<group>"; };
		624AFBEB2514C6910096E9B0 /* Poppins-Regular.ttf */ = {isa = PBXFileReference; lastKnownFileType = file; path = "Poppins-Regular.ttf"; sourceTree = "<group>"; };
		624AFBEC2514C6910096E9B0 /* Poppins-LightItalic.ttf */ = {isa = PBXFileReference; lastKnownFileType = file; path = "Poppins-LightItalic.ttf"; sourceTree = "<group>"; };
		624AFBED2514C6910096E9B0 /* Poppins-Bold.ttf */ = {isa = PBXFileReference; lastKnownFileType = file; path = "Poppins-Bold.ttf"; sourceTree = "<group>"; };
		624AFBEE2514C6910096E9B0 /* Poppins-Black.ttf */ = {isa = PBXFileReference; lastKnownFileType = file; path = "Poppins-Black.ttf"; sourceTree = "<group>"; };
		624AFBEF2514C6910096E9B0 /* Poppins-Thin.ttf */ = {isa = PBXFileReference; lastKnownFileType = file; path = "Poppins-Thin.ttf"; sourceTree = "<group>"; };
		624AFBF02514C6920096E9B0 /* Poppins-SemiBold.ttf */ = {isa = PBXFileReference; lastKnownFileType = file; path = "Poppins-SemiBold.ttf"; sourceTree = "<group>"; };
		624AFBF12514C6920096E9B0 /* Poppins-Italic.ttf */ = {isa = PBXFileReference; lastKnownFileType = file; path = "Poppins-Italic.ttf"; sourceTree = "<group>"; };
		624AFBF22514C6920096E9B0 /* Poppins-MediumItalic.ttf */ = {isa = PBXFileReference; lastKnownFileType = file; path = "Poppins-MediumItalic.ttf"; sourceTree = "<group>"; };
		62662F2F2568F70600D50020 /* GoogleService-Info.plist */ = {isa = PBXFileReference; fileEncoding = 4; lastKnownFileType = text.plist.xml; path = "GoogleService-Info.plist"; sourceTree = "<group>"; };
		62885A8B2552F7A70031C64F /* MYWIM.entitlements */ = {isa = PBXFileReference; lastKnownFileType = text.plist.entitlements; path = MYWIM.entitlements; sourceTree = "<group>"; };
		62CCEB56252271E3003C33BE /* IndicatorView.swift */ = {isa = PBXFileReference; fileEncoding = 4; lastKnownFileType = sourcecode.swift; path = IndicatorView.swift; sourceTree = "<group>"; };
		62CCEB57252271E3003C33BE /* loading.json */ = {isa = PBXFileReference; fileEncoding = 4; lastKnownFileType = text.json; path = loading.json; sourceTree = "<group>"; };
		62CCEB58252271E3003C33BE /* no-user.json */ = {isa = PBXFileReference; fileEncoding = 4; lastKnownFileType = text.json; path = "no-user.json"; sourceTree = "<group>"; };
		62CCEB59252271E3003C33BE /* no-location.json */ = {isa = PBXFileReference; fileEncoding = 4; lastKnownFileType = text.json; path = "no-location.json"; sourceTree = "<group>"; };
		62CCEB5A252271E3003C33BE /* noDataAnimation.json */ = {isa = PBXFileReference; fileEncoding = 4; lastKnownFileType = text.json; path = noDataAnimation.json; sourceTree = "<group>"; };
		62CCEB5B252271E3003C33BE /* jobSearch.json */ = {isa = PBXFileReference; fileEncoding = 4; lastKnownFileType = text.json; path = jobSearch.json; sourceTree = "<group>"; };
		62CCEB5C252271E3003C33BE /* scissor-loader.json */ = {isa = PBXFileReference; fileEncoding = 4; lastKnownFileType = text.json; path = "scissor-loader.json"; sourceTree = "<group>"; };
		62CCEB5D252271E3003C33BE /* GradientView.swift */ = {isa = PBXFileReference; fileEncoding = 4; lastKnownFileType = sourcecode.swift; path = GradientView.swift; sourceTree = "<group>"; };
		62CCEB5E252271E3003C33BE /* no-appointment.json */ = {isa = PBXFileReference; fileEncoding = 4; lastKnownFileType = text.json; path = "no-appointment.json"; sourceTree = "<group>"; };
		62CCEB682522780C003C33BE /* Toast.swift */ = {isa = PBXFileReference; fileEncoding = 4; lastKnownFileType = sourcecode.swift; path = Toast.swift; sourceTree = "<group>"; };
		62CCEB6A25233934003C33BE /* InspectionData.swift */ = {isa = PBXFileReference; lastKnownFileType = sourcecode.swift; path = InspectionData.swift; sourceTree = "<group>"; };
		62CCEB6C25233DD5003C33BE /* ActionData.swift */ = {isa = PBXFileReference; lastKnownFileType = sourcecode.swift; path = ActionData.swift; sourceTree = "<group>"; };
		62CCEB6E25233E5D003C33BE /* NotificationData.swift */ = {isa = PBXFileReference; lastKnownFileType = sourcecode.swift; path = NotificationData.swift; sourceTree = "<group>"; };
		62CCEB7025234283003C33BE /* InspectionCell.swift */ = {isa = PBXFileReference; lastKnownFileType = sourcecode.swift; path = InspectionCell.swift; sourceTree = "<group>"; };
		62CCEB72252342B6003C33BE /* NotificationCell.swift */ = {isa = PBXFileReference; lastKnownFileType = sourcecode.swift; path = NotificationCell.swift; sourceTree = "<group>"; };
		62CCEB7625234FCA003C33BE /* CheckCell.swift */ = {isa = PBXFileReference; lastKnownFileType = sourcecode.swift; path = CheckCell.swift; sourceTree = "<group>"; };
		62CCEB782523533E003C33BE /* QuestionData.swift */ = {isa = PBXFileReference; lastKnownFileType = sourcecode.swift; path = QuestionData.swift; sourceTree = "<group>"; };
		62CCEB7A2523B0D6003C33BE /* ImagePicker.swift */ = {isa = PBXFileReference; fileEncoding = 4; lastKnownFileType = sourcecode.swift; path = ImagePicker.swift; sourceTree = "<group>"; };
		62CCEB7C2523B674003C33BE /* GSImageViewerController.swift */ = {isa = PBXFileReference; fileEncoding = 4; lastKnownFileType = sourcecode.swift; path = GSImageViewerController.swift; sourceTree = "<group>"; };
		62CCEB7E2523CDC5003C33BE /* ActionDetailVC.swift */ = {isa = PBXFileReference; lastKnownFileType = sourcecode.swift; path = ActionDetailVC.swift; sourceTree = "<group>"; };
		62E3320C251CA4F20041FD22 /* Reachability.swift */ = {isa = PBXFileReference; lastKnownFileType = sourcecode.swift; path = Reachability.swift; sourceTree = "<group>"; };
		62E3320E251CA52B0041FD22 /* Podfile */ = {isa = PBXFileReference; lastKnownFileType = text; path = Podfile; sourceTree = "<group>"; xcLanguageSpecificationIdentifier = xcode.lang.ruby; };
		73ABC5AB606BC9151E3C2A2B /* Pods-MYWIM.release.xcconfig */ = {isa = PBXFileReference; includeInIndex = 1; lastKnownFileType = text.xcconfig; name = "Pods-MYWIM.release.xcconfig"; path = "Target Support Files/Pods-MYWIM/Pods-MYWIM.release.xcconfig"; sourceTree = "<group>"; };
		89F7CF62F7D92D50329E7971 /* Pods_MYWIM.framework */ = {isa = PBXFileReference; explicitFileType = wrapper.framework; includeInIndex = 0; path = Pods_MYWIM.framework; sourceTree = BUILT_PRODUCTS_DIR; };
		9038547F873A20A076268297 /* Pods-MYWIM.debug.xcconfig */ = {isa = PBXFileReference; includeInIndex = 1; lastKnownFileType = text.xcconfig; name = "Pods-MYWIM.debug.xcconfig"; path = "Target Support Files/Pods-MYWIM/Pods-MYWIM.debug.xcconfig"; sourceTree = "<group>"; };
/* End PBXFileReference section */

/* Begin PBXFrameworksBuildPhase section */
		62134AB225147DF80009A526 /* Frameworks */ = {
			isa = PBXFrameworksBuildPhase;
			buildActionMask = 2147483647;
			files = (
				950A39F58152CAA516E23FFD /* Pods_MYWIM.framework in Frameworks */,
			);
			runOnlyForDeploymentPostprocessing = 0;
		};
		62134AC825147DFF0009A526 /* Frameworks */ = {
			isa = PBXFrameworksBuildPhase;
			buildActionMask = 2147483647;
			files = (
			);
			runOnlyForDeploymentPostprocessing = 0;
		};
		62134AD325147DFF0009A526 /* Frameworks */ = {
			isa = PBXFrameworksBuildPhase;
			buildActionMask = 2147483647;
			files = (
			);
			runOnlyForDeploymentPostprocessing = 0;
		};
/* End PBXFrameworksBuildPhase section */

/* Begin PBXGroup section */
		62134AAC25147DF80009A526 = {
			isa = PBXGroup;
			children = (
				62E3320E251CA52B0041FD22 /* Podfile */,
				62134AB725147DF80009A526 /* MYWIM */,
				62134ACE25147DFF0009A526 /* MYWIMTests */,
				62134AD925147DFF0009A526 /* MYWIMUITests */,
				62134AB625147DF80009A526 /* Products */,
				D3CD7D799AFA64A556672187 /* Pods */,
				94988DDCC0EEBFC6AE7A4174 /* Frameworks */,
			);
			sourceTree = "<group>";
		};
		62134AB625147DF80009A526 /* Products */ = {
			isa = PBXGroup;
			children = (
				62134AB525147DF80009A526 /* MYWIM.app */,
				62134ACB25147DFF0009A526 /* MYWIMTests.xctest */,
				62134AD625147DFF0009A526 /* MYWIMUITests.xctest */,
			);
			name = Products;
			sourceTree = "<group>";
		};
		62134AB725147DF80009A526 /* MYWIM */ = {
			isa = PBXGroup;
			children = (
				62885A8B2552F7A70031C64F /* MYWIM.entitlements */,
				62134AB825147DF80009A526 /* AppDelegate.swift */,
				62134ABE25147DF80009A526 /* Main.storyboard */,
				621610B6251C9D8300EF585D /* Modal */,
				621610B7251C9D8E00EF585D /* View */,
				621610B5251C9D7100EF585D /* Controllers */,
				621610B8251C9DB900EF585D /* Helper */,
				62134AC125147DFE0009A526 /* Assets.xcassets */,
				62662F2F2568F70600D50020 /* GoogleService-Info.plist */,
				62134AC325147DFE0009A526 /* LaunchScreen.storyboard */,
				62134AC625147DFE0009A526 /* Info.plist */,
			);
			path = MYWIM;
			sourceTree = "<group>";
		};
		62134ACE25147DFF0009A526 /* MYWIMTests */ = {
			isa = PBXGroup;
			children = (
				62134ACF25147DFF0009A526 /* MYWIMTests.swift */,
				62134AD125147DFF0009A526 /* Info.plist */,
			);
			path = MYWIMTests;
			sourceTree = "<group>";
		};
		62134AD925147DFF0009A526 /* MYWIMUITests */ = {
			isa = PBXGroup;
			children = (
				62134ADA25147DFF0009A526 /* MYWIMUITests.swift */,
				62134ADC25147DFF0009A526 /* Info.plist */,
			);
			path = MYWIMUITests;
			sourceTree = "<group>";
		};
		621610B5251C9D7100EF585D /* Controllers */ = {
			isa = PBXGroup;
			children = (
				62134ABC25147DF80009A526 /* LoginVC.swift */,
				621610AD251BB76700EF585D /* ResetPasswordVC.swift */,
				621610AF251BB77F00EF585D /* DashboardVC.swift */,
				621610B1251BB79D00EF585D /* ProjectDetailVC.swift */,
				62CCEB7E2523CDC5003C33BE /* ActionDetailVC.swift */,
			);
			path = Controllers;
			sourceTree = "<group>";
		};
		621610B6251C9D8300EF585D /* Modal */ = {
			isa = PBXGroup;
			children = (
				621610BB251CA0AC00EF585D /* Constants.swift */,
				621610B9251C9DFF00EF585D /* UserResponseData.swift */,
				62CCEB6A25233934003C33BE /* InspectionData.swift */,
				62CCEB6C25233DD5003C33BE /* ActionData.swift */,
				62CCEB6E25233E5D003C33BE /* NotificationData.swift */,
				62CCEB782523533E003C33BE /* QuestionData.swift */,
			);
			path = Modal;
			sourceTree = "<group>";
		};
		621610B7251C9D8E00EF585D /* View */ = {
			isa = PBXGroup;
			children = (
				62CCEB7025234283003C33BE /* InspectionCell.swift */,
				62CCEB72252342B6003C33BE /* NotificationCell.swift */,
				62CCEB7625234FCA003C33BE /* CheckCell.swift */,
			);
			path = View;
			sourceTree = "<group>";
		};
		621610B8251C9DB900EF585D /* Helper */ = {
			isa = PBXGroup;
			children = (
				62CCEB682522780C003C33BE /* Toast.swift */,
				621610B3251BBAA400EF585D /* Extensions.swift */,
				621610BD251CA12F00EF585D /* APIManager.swift */,
				62E3320C251CA4F20041FD22 /* Reachability.swift */,
				62CCEB7A2523B0D6003C33BE /* ImagePicker.swift */,
				62CCEB7C2523B674003C33BE /* GSImageViewerController.swift */,
				624AFBDF2514C6910096E9B0 /* Poppins */,
				62CCEB55252271E3003C33BE /* IndicatorView */,
			);
			path = Helper;
			sourceTree = "<group>";
		};
		624AFBDF2514C6910096E9B0 /* Poppins */ = {
			isa = PBXGroup;
			children = (
				624AFBE02514C6910096E9B0 /* Poppins-ExtraLight.ttf */,
				624AFBE12514C6910096E9B0 /* Poppins-ThinItalic.ttf */,
				624AFBE22514C6910096E9B0 /* Poppins-ExtraLightItalic.ttf */,
				624AFBE32514C6910096E9B0 /* Poppins-BoldItalic.ttf */,
				624AFBE42514C6910096E9B0 /* Poppins-Light.ttf */,
				624AFBE52514C6910096E9B0 /* Poppins-Medium.ttf */,
				624AFBE62514C6910096E9B0 /* Poppins-SemiBoldItalic.ttf */,
				624AFBE72514C6910096E9B0 /* Poppins-ExtraBoldItalic.ttf */,
				624AFBE82514C6910096E9B0 /* Poppins-ExtraBold.ttf */,
				624AFBE92514C6910096E9B0 /* Poppins-BlackItalic.ttf */,
				624AFBEA2514C6910096E9B0 /* OFL.txt */,
				624AFBEB2514C6910096E9B0 /* Poppins-Regular.ttf */,
				624AFBEC2514C6910096E9B0 /* Poppins-LightItalic.ttf */,
				624AFBED2514C6910096E9B0 /* Poppins-Bold.ttf */,
				624AFBEE2514C6910096E9B0 /* Poppins-Black.ttf */,
				624AFBEF2514C6910096E9B0 /* Poppins-Thin.ttf */,
				624AFBF02514C6920096E9B0 /* Poppins-SemiBold.ttf */,
				624AFBF12514C6920096E9B0 /* Poppins-Italic.ttf */,
				624AFBF22514C6920096E9B0 /* Poppins-MediumItalic.ttf */,
			);
			path = Poppins;
			sourceTree = "<group>";
		};
		62CCEB55252271E3003C33BE /* IndicatorView */ = {
			isa = PBXGroup;
			children = (
				62CCEB56252271E3003C33BE /* IndicatorView.swift */,
				62CCEB57252271E3003C33BE /* loading.json */,
				62CCEB58252271E3003C33BE /* no-user.json */,
				62CCEB59252271E3003C33BE /* no-location.json */,
				62CCEB5A252271E3003C33BE /* noDataAnimation.json */,
				62CCEB5B252271E3003C33BE /* jobSearch.json */,
				62CCEB5C252271E3003C33BE /* scissor-loader.json */,
				62CCEB5D252271E3003C33BE /* GradientView.swift */,
				62CCEB5E252271E3003C33BE /* no-appointment.json */,
			);
			path = IndicatorView;
			sourceTree = "<group>";
		};
		94988DDCC0EEBFC6AE7A4174 /* Frameworks */ = {
			isa = PBXGroup;
			children = (
				89F7CF62F7D92D50329E7971 /* Pods_MYWIM.framework */,
			);
			name = Frameworks;
			sourceTree = "<group>";
		};
		D3CD7D799AFA64A556672187 /* Pods */ = {
			isa = PBXGroup;
			children = (
				9038547F873A20A076268297 /* Pods-MYWIM.debug.xcconfig */,
				73ABC5AB606BC9151E3C2A2B /* Pods-MYWIM.release.xcconfig */,
			);
			path = Pods;
			sourceTree = "<group>";
		};
/* End PBXGroup section */

/* Begin PBXNativeTarget section */
		62134AB425147DF80009A526 /* MYWIM */ = {
			isa = PBXNativeTarget;
			buildConfigurationList = 62134ADF25147DFF0009A526 /* Build configuration list for PBXNativeTarget "MYWIM" */;
			buildPhases = (
				D74B8E5753A2BB5C61C5C91E /* [CP] Check Pods Manifest.lock */,
				62134AB125147DF80009A526 /* Sources */,
				62134AB225147DF80009A526 /* Frameworks */,
				62134AB325147DF80009A526 /* Resources */,
				ABA7C8F1EE8B13422C328F38 /* [CP] Embed Pods Frameworks */,
			);
			buildRules = (
			);
			dependencies = (
			);
			name = MYWIM;
			productName = MYWIM;
			productReference = 62134AB525147DF80009A526 /* MYWIM.app */;
			productType = "com.apple.product-type.application";
		};
		62134ACA25147DFF0009A526 /* MYWIMTests */ = {
			isa = PBXNativeTarget;
			buildConfigurationList = 62134AE225147DFF0009A526 /* Build configuration list for PBXNativeTarget "MYWIMTests" */;
			buildPhases = (
				62134AC725147DFF0009A526 /* Sources */,
				62134AC825147DFF0009A526 /* Frameworks */,
				62134AC925147DFF0009A526 /* Resources */,
			);
			buildRules = (
			);
			dependencies = (
				62134ACD25147DFF0009A526 /* PBXTargetDependency */,
			);
			name = MYWIMTests;
			productName = MYWIMTests;
			productReference = 62134ACB25147DFF0009A526 /* MYWIMTests.xctest */;
			productType = "com.apple.product-type.bundle.unit-test";
		};
		62134AD525147DFF0009A526 /* MYWIMUITests */ = {
			isa = PBXNativeTarget;
			buildConfigurationList = 62134AE525147DFF0009A526 /* Build configuration list for PBXNativeTarget "MYWIMUITests" */;
			buildPhases = (
				62134AD225147DFF0009A526 /* Sources */,
				62134AD325147DFF0009A526 /* Frameworks */,
				62134AD425147DFF0009A526 /* Resources */,
			);
			buildRules = (
			);
			dependencies = (
				62134AD825147DFF0009A526 /* PBXTargetDependency */,
			);
			name = MYWIMUITests;
			productName = MYWIMUITests;
			productReference = 62134AD625147DFF0009A526 /* MYWIMUITests.xctest */;
			productType = "com.apple.product-type.bundle.ui-testing";
		};
/* End PBXNativeTarget section */

/* Begin PBXProject section */
		62134AAD25147DF80009A526 /* Project object */ = {
			isa = PBXProject;
			attributes = {
				LastSwiftUpdateCheck = 1150;
				LastUpgradeCheck = 1150;
				ORGANIZATIONNAME = "Keshu Rai";
				TargetAttributes = {
					62134AB425147DF80009A526 = {
						CreatedOnToolsVersion = 11.5;
					};
					62134ACA25147DFF0009A526 = {
						CreatedOnToolsVersion = 11.5;
						TestTargetID = 62134AB425147DF80009A526;
					};
					62134AD525147DFF0009A526 = {
						CreatedOnToolsVersion = 11.5;
						TestTargetID = 62134AB425147DF80009A526;
					};
				};
			};
			buildConfigurationList = 62134AB025147DF80009A526 /* Build configuration list for PBXProject "MYWIM" */;
			compatibilityVersion = "Xcode 9.3";
			developmentRegion = en;
			hasScannedForEncodings = 0;
			knownRegions = (
				en,
				Base,
			);
			mainGroup = 62134AAC25147DF80009A526;
			productRefGroup = 62134AB625147DF80009A526 /* Products */;
			projectDirPath = "";
			projectRoot = "";
			targets = (
				62134AB425147DF80009A526 /* MYWIM */,
				62134ACA25147DFF0009A526 /* MYWIMTests */,
				62134AD525147DFF0009A526 /* MYWIMUITests */,
			);
		};
/* End PBXProject section */

/* Begin PBXResourcesBuildPhase section */
		62134AB325147DF80009A526 /* Resources */ = {
			isa = PBXResourcesBuildPhase;
			buildActionMask = 2147483647;
			files = (
				62CCEB63252271E3003C33BE /* noDataAnimation.json in Resources */,
				624AFC022514C6920096E9B0 /* Poppins-Thin.ttf in Resources */,
				624AFC052514C6920096E9B0 /* Poppins-MediumItalic.ttf in Resources */,
				62CCEB60252271E3003C33BE /* loading.json in Resources */,
				624AFBFD2514C6920096E9B0 /* OFL.txt in Resources */,
				62E3320F251CA52B0041FD22 /* Podfile in Resources */,
				624AFBF52514C6920096E9B0 /* Poppins-ExtraLightItalic.ttf in Resources */,
				624AFBFC2514C6920096E9B0 /* Poppins-BlackItalic.ttf in Resources */,
				62CCEB67252271E3003C33BE /* no-appointment.json in Resources */,
				62CCEB62252271E3003C33BE /* no-location.json in Resources */,
				624AFBF32514C6920096E9B0 /* Poppins-ExtraLight.ttf in Resources */,
				624AFC032514C6920096E9B0 /* Poppins-SemiBold.ttf in Resources */,
				62CCEB64252271E3003C33BE /* jobSearch.json in Resources */,
				624AFBF62514C6920096E9B0 /* Poppins-BoldItalic.ttf in Resources */,
				624AFBF72514C6920096E9B0 /* Poppins-Light.ttf in Resources */,
				62662F302568F70600D50020 /* GoogleService-Info.plist in Resources */,
				624AFC012514C6920096E9B0 /* Poppins-Black.ttf in Resources */,
				62CCEB65252271E3003C33BE /* scissor-loader.json in Resources */,
				624AFC042514C6920096E9B0 /* Poppins-Italic.ttf in Resources */,
				624AFBFB2514C6920096E9B0 /* Poppins-ExtraBold.ttf in Resources */,
				624AFBFF2514C6920096E9B0 /* Poppins-LightItalic.ttf in Resources */,
				62134AC525147DFE0009A526 /* LaunchScreen.storyboard in Resources */,
				624AFBF92514C6920096E9B0 /* Poppins-SemiBoldItalic.ttf in Resources */,
				624AFBFE2514C6920096E9B0 /* Poppins-Regular.ttf in Resources */,
				624AFBFA2514C6920096E9B0 /* Poppins-ExtraBoldItalic.ttf in Resources */,
				624AFC002514C6920096E9B0 /* Poppins-Bold.ttf in Resources */,
				624AFBF42514C6920096E9B0 /* Poppins-ThinItalic.ttf in Resources */,
				624AFBF82514C6920096E9B0 /* Poppins-Medium.ttf in Resources */,
				62CCEB61252271E3003C33BE /* no-user.json in Resources */,
				62134AC225147DFE0009A526 /* Assets.xcassets in Resources */,
				62134AC025147DF80009A526 /* Main.storyboard in Resources */,
			);
			runOnlyForDeploymentPostprocessing = 0;
		};
		62134AC925147DFF0009A526 /* Resources */ = {
			isa = PBXResourcesBuildPhase;
			buildActionMask = 2147483647;
			files = (
			);
			runOnlyForDeploymentPostprocessing = 0;
		};
		62134AD425147DFF0009A526 /* Resources */ = {
			isa = PBXResourcesBuildPhase;
			buildActionMask = 2147483647;
			files = (
			);
			runOnlyForDeploymentPostprocessing = 0;
		};
/* End PBXResourcesBuildPhase section */

/* Begin PBXShellScriptBuildPhase section */
		ABA7C8F1EE8B13422C328F38 /* [CP] Embed Pods Frameworks */ = {
			isa = PBXShellScriptBuildPhase;
			buildActionMask = 2147483647;
			files = (
			);
			inputFileListPaths = (
				"${PODS_ROOT}/Target Support Files/Pods-MYWIM/Pods-MYWIM-frameworks-${CONFIGURATION}-input-files.xcfilelist",
			);
			name = "[CP] Embed Pods Frameworks";
			outputFileListPaths = (
				"${PODS_ROOT}/Target Support Files/Pods-MYWIM/Pods-MYWIM-frameworks-${CONFIGURATION}-output-files.xcfilelist",
			);
			runOnlyForDeploymentPostprocessing = 0;
			shellPath = /bin/sh;
			shellScript = "\"${PODS_ROOT}/Target Support Files/Pods-MYWIM/Pods-MYWIM-frameworks.sh\"\n";
			showEnvVarsInLog = 0;
		};
		D74B8E5753A2BB5C61C5C91E /* [CP] Check Pods Manifest.lock */ = {
			isa = PBXShellScriptBuildPhase;
			buildActionMask = 2147483647;
			files = (
			);
			inputFileListPaths = (
			);
			inputPaths = (
				"${PODS_PODFILE_DIR_PATH}/Podfile.lock",
				"${PODS_ROOT}/Manifest.lock",
			);
			name = "[CP] Check Pods Manifest.lock";
			outputFileListPaths = (
			);
			outputPaths = (
				"$(DERIVED_FILE_DIR)/Pods-MYWIM-checkManifestLockResult.txt",
			);
			runOnlyForDeploymentPostprocessing = 0;
			shellPath = /bin/sh;
			shellScript = "diff \"${PODS_PODFILE_DIR_PATH}/Podfile.lock\" \"${PODS_ROOT}/Manifest.lock\" > /dev/null\nif [ $? != 0 ] ; then\n    # print error to STDERR\n    echo \"error: The sandbox is not in sync with the Podfile.lock. Run 'pod install' or update your CocoaPods installation.\" >&2\n    exit 1\nfi\n# This output is used by Xcode 'outputs' to avoid re-running this script phase.\necho \"SUCCESS\" > \"${SCRIPT_OUTPUT_FILE_0}\"\n";
			showEnvVarsInLog = 0;
		};
/* End PBXShellScriptBuildPhase section */

/* Begin PBXSourcesBuildPhase section */
		62134AB125147DF80009A526 /* Sources */ = {
			isa = PBXSourcesBuildPhase;
			buildActionMask = 2147483647;
			files = (
				62CCEB692522780C003C33BE /* Toast.swift in Sources */,
				62CCEB7725234FCA003C33BE /* CheckCell.swift in Sources */,
				62CCEB7125234283003C33BE /* InspectionCell.swift in Sources */,
				62CCEB7B2523B0D6003C33BE /* ImagePicker.swift in Sources */,
				62CCEB6B25233934003C33BE /* InspectionData.swift in Sources */,
				62CCEB7D2523B674003C33BE /* GSImageViewerController.swift in Sources */,
				62CCEB6F25233E5D003C33BE /* NotificationData.swift in Sources */,
				62134ABD25147DF80009A526 /* LoginVC.swift in Sources */,
				62CCEB6D25233DD5003C33BE /* ActionData.swift in Sources */,
				62CCEB792523533E003C33BE /* QuestionData.swift in Sources */,
				621610B0251BB77F00EF585D /* DashboardVC.swift in Sources */,
				62CCEB66252271E3003C33BE /* GradientView.swift in Sources */,
				621610BA251C9DFF00EF585D /* UserResponseData.swift in Sources */,
				62CCEB7F2523CDC5003C33BE /* ActionDetailVC.swift in Sources */,
				621610BE251CA12F00EF585D /* APIManager.swift in Sources */,
				62CCEB73252342B6003C33BE /* NotificationCell.swift in Sources */,
				62CCEB5F252271E3003C33BE /* IndicatorView.swift in Sources */,
				62134AB925147DF80009A526 /* AppDelegate.swift in Sources */,
				621610AE251BB76700EF585D /* ResetPasswordVC.swift in Sources */,
				621610B2251BB79D00EF585D /* ProjectDetailVC.swift in Sources */,
				621610B4251BBAA400EF585D /* Extensions.swift in Sources */,
				62E3320D251CA4F20041FD22 /* Reachability.swift in Sources */,
				621610BC251CA0AC00EF585D /* Constants.swift in Sources */,
			);
			runOnlyForDeploymentPostprocessing = 0;
		};
		62134AC725147DFF0009A526 /* Sources */ = {
			isa = PBXSourcesBuildPhase;
			buildActionMask = 2147483647;
			files = (
				62134AD025147DFF0009A526 /* MYWIMTests.swift in Sources */,
			);
			runOnlyForDeploymentPostprocessing = 0;
		};
		62134AD225147DFF0009A526 /* Sources */ = {
			isa = PBXSourcesBuildPhase;
			buildActionMask = 2147483647;
			files = (
				62134ADB25147DFF0009A526 /* MYWIMUITests.swift in Sources */,
			);
			runOnlyForDeploymentPostprocessing = 0;
		};
/* End PBXSourcesBuildPhase section */

/* Begin PBXTargetDependency section */
		62134ACD25147DFF0009A526 /* PBXTargetDependency */ = {
			isa = PBXTargetDependency;
			target = 62134AB425147DF80009A526 /* MYWIM */;
			targetProxy = 62134ACC25147DFF0009A526 /* PBXContainerItemProxy */;
		};
		62134AD825147DFF0009A526 /* PBXTargetDependency */ = {
			isa = PBXTargetDependency;
			target = 62134AB425147DF80009A526 /* MYWIM */;
			targetProxy = 62134AD725147DFF0009A526 /* PBXContainerItemProxy */;
		};
/* End PBXTargetDependency section */

/* Begin PBXVariantGroup section */
		62134ABE25147DF80009A526 /* Main.storyboard */ = {
			isa = PBXVariantGroup;
			children = (
				62134ABF25147DF80009A526 /* Base */,
			);
			name = Main.storyboard;
			sourceTree = "<group>";
		};
		62134AC325147DFE0009A526 /* LaunchScreen.storyboard */ = {
			isa = PBXVariantGroup;
			children = (
				62134AC425147DFE0009A526 /* Base */,
			);
			name = LaunchScreen.storyboard;
			sourceTree = "<group>";
		};
/* End PBXVariantGroup section */

/* Begin XCBuildConfiguration section */
		62134ADD25147DFF0009A526 /* Debug */ = {
			isa = XCBuildConfiguration;
			buildSettings = {
				ALWAYS_SEARCH_USER_PATHS = NO;
				CLANG_ANALYZER_NONNULL = YES;
				CLANG_ANALYZER_NUMBER_OBJECT_CONVERSION = YES_AGGRESSIVE;
				CLANG_CXX_LANGUAGE_STANDARD = "gnu++14";
				CLANG_CXX_LIBRARY = "libc++";
				CLANG_ENABLE_MODULES = YES;
				CLANG_ENABLE_OBJC_ARC = YES;
				CLANG_ENABLE_OBJC_WEAK = YES;
				CLANG_WARN_BLOCK_CAPTURE_AUTORELEASING = YES;
				CLANG_WARN_BOOL_CONVERSION = YES;
				CLANG_WARN_COMMA = YES;
				CLANG_WARN_CONSTANT_CONVERSION = YES;
				CLANG_WARN_DEPRECATED_OBJC_IMPLEMENTATIONS = YES;
				CLANG_WARN_DIRECT_OBJC_ISA_USAGE = YES_ERROR;
				CLANG_WARN_DOCUMENTATION_COMMENTS = YES;
				CLANG_WARN_EMPTY_BODY = YES;
				CLANG_WARN_ENUM_CONVERSION = YES;
				CLANG_WARN_INFINITE_RECURSION = YES;
				CLANG_WARN_INT_CONVERSION = YES;
				CLANG_WARN_NON_LITERAL_NULL_CONVERSION = YES;
				CLANG_WARN_OBJC_IMPLICIT_RETAIN_SELF = YES;
				CLANG_WARN_OBJC_LITERAL_CONVERSION = YES;
				CLANG_WARN_OBJC_ROOT_CLASS = YES_ERROR;
				CLANG_WARN_RANGE_LOOP_ANALYSIS = YES;
				CLANG_WARN_STRICT_PROTOTYPES = YES;
				CLANG_WARN_SUSPICIOUS_MOVE = YES;
				CLANG_WARN_UNGUARDED_AVAILABILITY = YES_AGGRESSIVE;
				CLANG_WARN_UNREACHABLE_CODE = YES;
				CLANG_WARN__DUPLICATE_METHOD_MATCH = YES;
				COPY_PHASE_STRIP = NO;
				DEBUG_INFORMATION_FORMAT = dwarf;
				ENABLE_STRICT_OBJC_MSGSEND = YES;
				ENABLE_TESTABILITY = YES;
				GCC_C_LANGUAGE_STANDARD = gnu11;
				GCC_DYNAMIC_NO_PIC = NO;
				GCC_NO_COMMON_BLOCKS = YES;
				GCC_OPTIMIZATION_LEVEL = 0;
				GCC_PREPROCESSOR_DEFINITIONS = (
					"DEBUG=1",
					"$(inherited)",
				);
				GCC_WARN_64_TO_32_BIT_CONVERSION = YES;
				GCC_WARN_ABOUT_RETURN_TYPE = YES_ERROR;
				GCC_WARN_UNDECLARED_SELECTOR = YES;
				GCC_WARN_UNINITIALIZED_AUTOS = YES_AGGRESSIVE;
				GCC_WARN_UNUSED_FUNCTION = YES;
				GCC_WARN_UNUSED_VARIABLE = YES;
				IPHONEOS_DEPLOYMENT_TARGET = 13.5;
				MTL_ENABLE_DEBUG_INFO = INCLUDE_SOURCE;
				MTL_FAST_MATH = YES;
				ONLY_ACTIVE_ARCH = YES;
				SDKROOT = iphoneos;
				SWIFT_ACTIVE_COMPILATION_CONDITIONS = DEBUG;
				SWIFT_OPTIMIZATION_LEVEL = "-Onone";
			};
			name = Debug;
		};
		62134ADE25147DFF0009A526 /* Release */ = {
			isa = XCBuildConfiguration;
			buildSettings = {
				ALWAYS_SEARCH_USER_PATHS = NO;
				CLANG_ANALYZER_NONNULL = YES;
				CLANG_ANALYZER_NUMBER_OBJECT_CONVERSION = YES_AGGRESSIVE;
				CLANG_CXX_LANGUAGE_STANDARD = "gnu++14";
				CLANG_CXX_LIBRARY = "libc++";
				CLANG_ENABLE_MODULES = YES;
				CLANG_ENABLE_OBJC_ARC = YES;
				CLANG_ENABLE_OBJC_WEAK = YES;
				CLANG_WARN_BLOCK_CAPTURE_AUTORELEASING = YES;
				CLANG_WARN_BOOL_CONVERSION = YES;
				CLANG_WARN_COMMA = YES;
				CLANG_WARN_CONSTANT_CONVERSION = YES;
				CLANG_WARN_DEPRECATED_OBJC_IMPLEMENTATIONS = YES;
				CLANG_WARN_DIRECT_OBJC_ISA_USAGE = YES_ERROR;
				CLANG_WARN_DOCUMENTATION_COMMENTS = YES;
				CLANG_WARN_EMPTY_BODY = YES;
				CLANG_WARN_ENUM_CONVERSION = YES;
				CLANG_WARN_INFINITE_RECURSION = YES;
				CLANG_WARN_INT_CONVERSION = YES;
				CLANG_WARN_NON_LITERAL_NULL_CONVERSION = YES;
				CLANG_WARN_OBJC_IMPLICIT_RETAIN_SELF = YES;
				CLANG_WARN_OBJC_LITERAL_CONVERSION = YES;
				CLANG_WARN_OBJC_ROOT_CLASS = YES_ERROR;
				CLANG_WARN_RANGE_LOOP_ANALYSIS = YES;
				CLANG_WARN_STRICT_PROTOTYPES = YES;
				CLANG_WARN_SUSPICIOUS_MOVE = YES;
				CLANG_WARN_UNGUARDED_AVAILABILITY = YES_AGGRESSIVE;
				CLANG_WARN_UNREACHABLE_CODE = YES;
				CLANG_WARN__DUPLICATE_METHOD_MATCH = YES;
				COPY_PHASE_STRIP = NO;
				DEBUG_INFORMATION_FORMAT = "dwarf-with-dsym";
				ENABLE_NS_ASSERTIONS = NO;
				ENABLE_STRICT_OBJC_MSGSEND = YES;
				GCC_C_LANGUAGE_STANDARD = gnu11;
				GCC_NO_COMMON_BLOCKS = YES;
				GCC_WARN_64_TO_32_BIT_CONVERSION = YES;
				GCC_WARN_ABOUT_RETURN_TYPE = YES_ERROR;
				GCC_WARN_UNDECLARED_SELECTOR = YES;
				GCC_WARN_UNINITIALIZED_AUTOS = YES_AGGRESSIVE;
				GCC_WARN_UNUSED_FUNCTION = YES;
				GCC_WARN_UNUSED_VARIABLE = YES;
				IPHONEOS_DEPLOYMENT_TARGET = 13.5;
				MTL_ENABLE_DEBUG_INFO = NO;
				MTL_FAST_MATH = YES;
				SDKROOT = iphoneos;
				SWIFT_COMPILATION_MODE = wholemodule;
				SWIFT_OPTIMIZATION_LEVEL = "-O";
				VALIDATE_PRODUCT = YES;
			};
			name = Release;
		};
		62134AE025147DFF0009A526 /* Debug */ = {
			isa = XCBuildConfiguration;
			baseConfigurationReference = 9038547F873A20A076268297 /* Pods-MYWIM.debug.xcconfig */;
			buildSettings = {
				ASSETCATALOG_COMPILER_APPICON_NAME = AppIcon;
				CODE_SIGN_ENTITLEMENTS = MYWIM/MYWIM.entitlements;
				CODE_SIGN_IDENTITY = "iPhone Developer";
				CODE_SIGN_STYLE = Manual;
				DEVELOPMENT_TEAM = Y3UA7P4AG9;
				INFOPLIST_FILE = MYWIM/Info.plist;
				IPHONEOS_DEPLOYMENT_TARGET = 13.0;
				LD_RUNPATH_SEARCH_PATHS = (
					"$(inherited)",
					"@executable_path/Frameworks",
				);
				PRODUCT_BUNDLE_IDENTIFIER = com.mywimapp.mywim;
				PRODUCT_NAME = "$(TARGET_NAME)";
				PROVISIONING_PROFILE_SPECIFIER = "push-test";
				SWIFT_VERSION = 5.0;
				TARGETED_DEVICE_FAMILY = "1,2";
			};
			name = Debug;
		};
		62134AE125147DFF0009A526 /* Release */ = {
			isa = XCBuildConfiguration;
			baseConfigurationReference = 73ABC5AB606BC9151E3C2A2B /* Pods-MYWIM.release.xcconfig */;
			buildSettings = {
				ASSETCATALOG_COMPILER_APPICON_NAME = AppIcon;
				CODE_SIGN_ENTITLEMENTS = MYWIM/MYWIM.entitlements;
				CODE_SIGN_IDENTITY = "iPhone Developer";
				CODE_SIGN_STYLE = Manual;
				DEVELOPMENT_TEAM = Y3UA7P4AG9;
				INFOPLIST_FILE = MYWIM/Info.plist;
				IPHONEOS_DEPLOYMENT_TARGET = 13.0;
				LD_RUNPATH_SEARCH_PATHS = (
					"$(inherited)",
					"@executable_path/Frameworks",
				);
				PRODUCT_BUNDLE_IDENTIFIER = com.mywimapp.mywim;
				PRODUCT_NAME = "$(TARGET_NAME)";
				PROVISIONING_PROFILE_SPECIFIER = "push-test";
				SWIFT_VERSION = 5.0;
				TARGETED_DEVICE_FAMILY = "1,2";
			};
			name = Release;
		};
		62134AE325147DFF0009A526 /* Debug */ = {
			isa = XCBuildConfiguration;
			buildSettings = {
				ALWAYS_EMBED_SWIFT_STANDARD_LIBRARIES = YES;
				BUNDLE_LOADER = "$(TEST_HOST)";
				CODE_SIGN_STYLE = Automatic;
				DEVELOPMENT_TEAM = ME7EW8VVN3;
				INFOPLIST_FILE = MYWIMTests/Info.plist;
				IPHONEOS_DEPLOYMENT_TARGET = 13.5;
				LD_RUNPATH_SEARCH_PATHS = (
					"$(inherited)",
					"@executable_path/Frameworks",
					"@loader_path/Frameworks",
				);
				PRODUCT_BUNDLE_IDENTIFIER = com.iosArchitect.MYWIMTests;
				PRODUCT_NAME = "$(TARGET_NAME)";
				SWIFT_VERSION = 5.0;
				TARGETED_DEVICE_FAMILY = "1,2";
				TEST_HOST = "$(BUILT_PRODUCTS_DIR)/MYWIM.app/MYWIM";
			};
			name = Debug;
		};
		62134AE425147DFF0009A526 /* Release */ = {
			isa = XCBuildConfiguration;
			buildSettings = {
				ALWAYS_EMBED_SWIFT_STANDARD_LIBRARIES = YES;
				BUNDLE_LOADER = "$(TEST_HOST)";
				CODE_SIGN_STYLE = Automatic;
				DEVELOPMENT_TEAM = ME7EW8VVN3;
				INFOPLIST_FILE = MYWIMTests/Info.plist;
				IPHONEOS_DEPLOYMENT_TARGET = 13.5;
				LD_RUNPATH_SEARCH_PATHS = (
					"$(inherited)",
					"@executable_path/Frameworks",
					"@loader_path/Frameworks",
				);
				PRODUCT_BUNDLE_IDENTIFIER = com.iosArchitect.MYWIMTests;
				PRODUCT_NAME = "$(TARGET_NAME)";
				SWIFT_VERSION = 5.0;
				TARGETED_DEVICE_FAMILY = "1,2";
				TEST_HOST = "$(BUILT_PRODUCTS_DIR)/MYWIM.app/MYWIM";
			};
			name = Release;
		};
		62134AE625147DFF0009A526 /* Debug */ = {
			isa = XCBuildConfiguration;
			buildSettings = {
				ALWAYS_EMBED_SWIFT_STANDARD_LIBRARIES = YES;
				CODE_SIGN_STYLE = Automatic;
				DEVELOPMENT_TEAM = ME7EW8VVN3;
				INFOPLIST_FILE = MYWIMUITests/Info.plist;
				LD_RUNPATH_SEARCH_PATHS = (
					"$(inherited)",
					"@executable_path/Frameworks",
					"@loader_path/Frameworks",
				);
				PRODUCT_BUNDLE_IDENTIFIER = com.iosArchitect.MYWIMUITests;
				PRODUCT_NAME = "$(TARGET_NAME)";
				SWIFT_VERSION = 5.0;
				TARGETED_DEVICE_FAMILY = "1,2";
				TEST_TARGET_NAME = MYWIM;
			};
			name = Debug;
		};
		62134AE725147DFF0009A526 /* Release */ = {
			isa = XCBuildConfiguration;
			buildSettings = {
				ALWAYS_EMBED_SWIFT_STANDARD_LIBRARIES = YES;
				CODE_SIGN_STYLE = Automatic;
				DEVELOPMENT_TEAM = ME7EW8VVN3;
				INFOPLIST_FILE = MYWIMUITests/Info.plist;
				LD_RUNPATH_SEARCH_PATHS = (
					"$(inherited)",
					"@executable_path/Frameworks",
					"@loader_path/Frameworks",
				);
				PRODUCT_BUNDLE_IDENTIFIER = com.iosArchitect.MYWIMUITests;
				PRODUCT_NAME = "$(TARGET_NAME)";
				SWIFT_VERSION = 5.0;
				TARGETED_DEVICE_FAMILY = "1,2";
				TEST_TARGET_NAME = MYWIM;
			};
			name = Release;
		};
/* End XCBuildConfiguration section */

/* Begin XCConfigurationList section */
		62134AB025147DF80009A526 /* Build configuration list for PBXProject "MYWIM" */ = {
			isa = XCConfigurationList;
			buildConfigurations = (
				62134ADD25147DFF0009A526 /* Debug */,
				62134ADE25147DFF0009A526 /* Release */,
			);
			defaultConfigurationIsVisible = 0;
			defaultConfigurationName = Release;
		};
		62134ADF25147DFF0009A526 /* Build configuration list for PBXNativeTarget "MYWIM" */ = {
			isa = XCConfigurationList;
			buildConfigurations = (
				62134AE025147DFF0009A526 /* Debug */,
				62134AE125147DFF0009A526 /* Release */,
			);
			defaultConfigurationIsVisible = 0;
			defaultConfigurationName = Release;
		};
		62134AE225147DFF0009A526 /* Build configuration list for PBXNativeTarget "MYWIMTests" */ = {
			isa = XCConfigurationList;
			buildConfigurations = (
				62134AE325147DFF0009A526 /* Debug */,
				62134AE425147DFF0009A526 /* Release */,
			);
			defaultConfigurationIsVisible = 0;
			defaultConfigurationName = Release;
		};
		62134AE525147DFF0009A526 /* Build configuration list for PBXNativeTarget "MYWIMUITests" */ = {
			isa = XCConfigurationList;
			buildConfigurations = (
				62134AE625147DFF0009A526 /* Debug */,
				62134AE725147DFF0009A526 /* Release */,
			);
			defaultConfigurationIsVisible = 0;
			defaultConfigurationName = Release;
		};
/* End XCConfigurationList section */
	};
	rootObject = 62134AAD25147DF80009A526 /* Project object */;
}
